<?xml version="1.0" encoding="utf-8"?>
<Project ToolsVersion="4.0" xmlns="http://schemas.microsoft.com/developer/msbuild/2003">
  <ItemGroup>
    <Filter Include="源文件">
      <UniqueIdentifier>{4FC737F1-C7A5-4376-A066-2A32D752A2FF}</UniqueIdentifier>
      <Extensions>cpp;c;cc;cxx;def;odl;idl;hpj;bat;asm;asmx</Extensions>
    </Filter>
    <Filter Include="头文件">
      <UniqueIdentifier>{93995380-89BD-4b04-88EB-625FBE52EBFB}</UniqueIdentifier>
      <Extensions>h;hpp;hxx;hm;inl;inc;xsd</Extensions>
    </Filter>
    <Filter Include="资源文件">
      <UniqueIdentifier>{67DA6AB6-F800-4c08-8B7A-83BB121AAD01}</UniqueIdentifier>
      <Extensions>rc;ico;cur;bmp;dlg;rc2;rct;bin;rgs;gif;jpg;jpeg;jpe;resx;tiff;tif;png;wav;mfcribbon-ms</Extensions>
    </Filter>
    <Filter Include="生成的文件">
      <UniqueIdentifier>{ad8f48eb-9180-4370-9a21-cd12620bf992}</UniqueIdentifier>
      <SourceControlFiles>False</SourceControlFiles>
    </Filter>
    <Filter Include="common">
      <UniqueIdentifier>{f48d908e-87ea-430a-86a1-49ec6217b56e}</UniqueIdentifier>
    </Filter>
    <Filter Include="ICE">
      <UniqueIdentifier>{fbe1bd0b-8eff-4413-befd-a69f1e7a8321}</UniqueIdentifier>
    </Filter>
    <Filter Include="Import">
      <UniqueIdentifier>{3fae981d-bf37-409b-b4c3-e8647cb73e7f}</UniqueIdentifier>
    </Filter>
  </ItemGroup>
  <ItemGroup>
    <ClCompile Include="stdafx.cpp">
      <Filter>源文件</Filter>
    </ClCompile>
    <ClCompile Include="PeraPcIceClient.cpp">
      <Filter>源文件</Filter>
    </ClCompile>
    <ClCompile Include="dllmain.cpp">
      <Filter>源文件</Filter>
    </ClCompile>
    <ClCompile Include="xdlldata.c">
      <Filter>源文件</Filter>
    </ClCompile>
    <ClCompile Include="PeraPcIceClient_i.c">
      <Filter>生成的文件</Filter>
    </ClCompile>
    <ClCompile Include="RunRobotClient.cpp">
      <Filter>源文件</Filter>
    </ClCompile>
    <ClCompile Include="..\Common\CallFileUpDown.cpp">
      <Filter>common</Filter>
    </ClCompile>
    <ClCompile Include="fLogJob.cpp">
      <Filter>源文件</Filter>
    </ClCompile>
    <ClCompile Include="fRateJob.cpp">
      <Filter>源文件</Filter>
    </ClCompile>
    <ClCompile Include="CrashHandler.cpp">
      <Filter>源文件</Filter>
    </ClCompile>
    <ClCompile Include="..\..\Common\Tools.cpp">
      <Filter>common</Filter>
    </ClCompile>
    <ClCompile Include="..\..\Common\ConfigFunc.cpp">
      <Filter>common</Filter>
    </ClCompile>
    <ClCompile Include="..\..\Common\DownUploadCommonFunc.cpp">
      <Filter>common</Filter>
    </ClCompile>
    <ClCompile Include="..\..\Common\DownUploadDataFileObject.cpp">
      <Filter>common</Filter>
    </ClCompile>
    <ClCompile Include="..\..\Common\DownUploadFileCacheFinder.cpp">
      <Filter>common</Filter>
    </ClCompile>
    <ClCompile Include="..\..\Common\ConvertData.cpp">
      <Filter>common</Filter>
    </ClCompile>
    <ClCompile Include="..\..\Import\WsICEService.cpp">
      <Filter>Import</Filter>
    </ClCompile>
    <ClCompile Include="..\..\Common\InvokeLocalWsFunc.cpp">
      <Filter>ICE</Filter>
    </ClCompile>
    <ClCompile Include="..\..\Common\InvokeWsFunc.cpp">
      <Filter>ICE</Filter>
    </ClCompile>
    <ClCompile Include="..\..\Common\PeraIceBase.cpp">
      <Filter>ICE</Filter>
    </ClCompile>
    <ClCompile Include="..\..\Common\PeraIceLocalWs.cpp">
      <Filter>ICE</Filter>
    </ClCompile>
    <ClCompile Include="..\..\Common\PeraIceWs.cpp">
      <Filter>ICE</Filter>
    </ClCompile>
    <ClCompile Include="..\..\Common\PeraIceWsBase.cpp">
      <Filter>ICE</Filter>
    </ClCompile>
    <ClCompile Include="..\..\Common\GetGlobalDataFromReg.cpp">
      <Filter>common</Filter>
    </ClCompile>
    <ClCompile Include="..\..\Common\FileFunc.cpp">
      <Filter>common</Filter>
    </ClCompile>
  </ItemGroup>
  <ItemGroup>
    <ClInclude Include="stdafx.h">
      <Filter>头文件</Filter>
    </ClInclude>
    <ClInclude Include="targetver.h">
      <Filter>头文件</Filter>
    </ClInclude>
    <ClInclude Include="Resource.h">
      <Filter>头文件</Filter>
    </ClInclude>
    <ClInclude Include="dllmain.h">
      <Filter>头文件</Filter>
    </ClInclude>
    <ClInclude Include="xdlldata.h">
      <Filter>头文件</Filter>
    </ClInclude>
    <ClInclude Include="PeraPcIceClient_i.h">
      <Filter>生成的文件</Filter>
    </ClInclude>
    <ClInclude Include="_IRunRobotClientEvents_CP.h">
      <Filter>头文件</Filter>
    </ClInclude>
    <ClInclude Include="RunRobotClient.h">
      <Filter>头文件</Filter>
    </ClInclude>
    <ClInclude Include="ThreadData.h">
      <Filter>头文件</Filter>
    </ClInclude>
    <ClInclude Include="..\Common\CallFileUpDown.h">
      <Filter>common</Filter>
    </ClInclude>
    <ClInclude Include="ftlThreadPool.hpp">
      <Filter>头文件</Filter>
    </ClInclude>
    <ClInclude Include="ftlThreadPool.h">
      <Filter>头文件</Filter>
    </ClInclude>
    <ClInclude Include="ftlBase.hpp">
      <Filter>头文件</Filter>
    </ClInclude>
    <ClInclude Include="ftlBase.h">
      <Filter>头文件</Filter>
    </ClInclude>
    <ClInclude Include="ftlDefine.h">
      <Filter>头文件</Filter>
    </ClInclude>
    <ClInclude Include="ftlTypes.h">
      <Filter>头文件</Filter>
    </ClInclude>
    <ClInclude Include="ftlThread.hpp">
      <Filter>头文件</Filter>
    </ClInclude>
    <ClInclude Include="ftlThread.h">
      <Filter>头文件</Filter>
    </ClInclude>
    <ClInclude Include="fLogJob.h">
      <Filter>头文件</Filter>
    </ClInclude>
    <ClInclude Include="fRateJob.h">
      <Filter>头文件</Filter>
    </ClInclude>
    <ClInclude Include="CrashHandler.h">
      <Filter>头文件</Filter>
    </ClInclude>
    <ClInclude Include="..\..\Common\Tools.h">
      <Filter>common</Filter>
    </ClInclude>
    <ClInclude Include="..\..\Common\csharedmemory.h">
      <Filter>common</Filter>
    </ClInclude>
    <ClInclude Include="..\..\Common\ConfigFunc.h">
      <Filter>common</Filter>
    </ClInclude>
    <ClInclude Include="..\..\Common\ConvertData.h">
      <Filter>common</Filter>
    </ClInclude>
    <ClInclude Include="..\..\Common\DownUploadCommonFunc.h">
      <Filter>common</Filter>
    </ClInclude>
    <ClInclude Include="..\..\Common\DownUploadDataFileObject.h">
      <Filter>common</Filter>
    </ClInclude>
    <ClInclude Include="..\..\Common\DownUploadFileCacheFinder.h">
      <Filter>common</Filter>
    </ClInclude>
    <ClInclude Include="..\..\Import\WsICEService.h">
      <Filter>Import</Filter>
    </ClInclude>
    <ClInclude Include="..\..\Common\InvokeLocalWsFunc.h">
      <Filter>ICE</Filter>
    </ClInclude>
    <ClInclude Include="..\..\Common\InvokeWsFunc.h">
      <Filter>ICE</Filter>
    </ClInclude>
    <ClInclude Include="..\..\Common\PeraIceBase.h">
      <Filter>ICE</Filter>
    </ClInclude>
    <ClInclude Include="..\..\Common\PeraIceLocalWs.h">
      <Filter>ICE</Filter>
    </ClInclude>
    <ClInclude Include="..\..\Common\PeraIceWs.h">
      <Filter>ICE</Filter>
    </ClInclude>
    <ClInclude Include="..\..\Common\PeraIceWsBase.h">
      <Filter>ICE</Filter>
    </ClInclude>
    <ClInclude Include="..\..\Common\GetGlobalDataFromReg.h">
      <Filter>common</Filter>
    </ClInclude>
    <ClInclude Include="..\..\Common\FileFunc.h">
      <Filter>common</Filter>
    </ClInclude>
  </ItemGroup>
  <ItemGroup>
    <ResourceCompile Include="PeraPcIceClient.rc">
      <Filter>资源文件</Filter>
    </ResourceCompile>
  </ItemGroup>
  <ItemGroup>
    <None Include="ReadMe.txt" />
    <None Include="PeraPcIceClient.rgs">
      <Filter>资源文件</Filter>
    </None>
    <None Include="PeraPcIceClient.def">
      <Filter>源文件</Filter>
    </None>
    <None Include="RunRobotClient.rgs">
      <Filter>资源文件</Filter>
    </None>
  </ItemGroup>
  <ItemGroup>
    <Midl Include="PeraPcIceClient.idl">
      <Filter>源文件</Filter>
    </Midl>
  </ItemGroup>
</Project>