<?xml version="1.0" encoding="utf-8"?>
<Project ToolsVersion="4.0" xmlns="http://schemas.microsoft.com/developer/msbuild/2003">
  <ItemGroup>
    <Filter Include="源文件">
      <UniqueIdentifier>{4FC737F1-C7A5-4376-A066-2A32D752A2FF}</UniqueIdentifier>
      <Extensions>cpp;c;cc;cxx;def;odl;idl;hpj;bat;asm;asmx</Extensions>
    </Filter>
    <Filter Include="头文件">
      <UniqueIdentifier>{93995380-89BD-4b04-88EB-625FBE52EBFB}</UniqueIdentifier>
      <Extensions>h;hpp;hxx;hm;inl;inc;xsd</Extensions>
    </Filter>
    <Filter Include="资源文件">
      <UniqueIdentifier>{67DA6AB6-F800-4c08-8B7A-83BB121AAD01}</UniqueIdentifier>
      <Extensions>rc;ico;cur;bmp;dlg;rc2;rct;bin;rgs;gif;jpg;jpeg;jpe;resx;tiff;tif;png;wav;mfcribbon-ms</Extensions>
    </Filter>
    <Filter Include="ICE">
      <UniqueIdentifier>{689eb3d8-30fa-45b3-ad7b-0c6e4d61a8da}</UniqueIdentifier>
    </Filter>
    <Filter Include="json">
      <UniqueIdentifier>{b66ec4c7-d1ec-41a3-af1f-6424cda4da92}</UniqueIdentifier>
    </Filter>
    <Filter Include="common">
      <UniqueIdentifier>{1376cf0a-5a26-401d-ad3a-bba09ed3eaa4}</UniqueIdentifier>
    </Filter>
  </ItemGroup>
  <ItemGroup>
    <None Include="ReadMe.txt" />
    <None Include="UserImages.bmp">
      <Filter>资源文件</Filter>
    </None>
    <None Include="res\My601DemoServer.rc2">
      <Filter>资源文件</Filter>
    </None>
    <None Include="res\601DemoServerDoc.ico">
      <Filter>资源文件</Filter>
    </None>
    <None Include="res\601DemoServer.ico">
      <Filter>资源文件</Filter>
    </None>
    <None Include="res\Toolbar.bmp">
      <Filter>资源文件</Filter>
    </None>
    <None Include="res\Toolbar256.bmp">
      <Filter>资源文件</Filter>
    </None>
  </ItemGroup>
  <ItemGroup>
    <ClInclude Include="601DemoServer.h">
      <Filter>头文件</Filter>
    </ClInclude>
    <ClInclude Include="stdafx.h">
      <Filter>头文件</Filter>
    </ClInclude>
    <ClInclude Include="targetver.h">
      <Filter>头文件</Filter>
    </ClInclude>
    <ClInclude Include="MainFrm.h">
      <Filter>头文件</Filter>
    </ClInclude>
    <ClInclude Include="601DemoServerDoc.h">
      <Filter>头文件</Filter>
    </ClInclude>
    <ClInclude Include="601DemoServerView.h">
      <Filter>头文件</Filter>
    </ClInclude>
    <ClInclude Include="Resource.h">
      <Filter>头文件</Filter>
    </ClInclude>
    <ClInclude Include="ServerSetDlg.h">
      <Filter>头文件</Filter>
    </ClInclude>
    <ClInclude Include="PeraServerIceI.h">
      <Filter>头文件</Filter>
    </ClInclude>
    <ClInclude Include="IceService.h">
      <Filter>头文件</Filter>
    </ClInclude>
    <ClInclude Include="..\Common\Pera601DemoServerIce.h">
      <Filter>ICE</Filter>
    </ClInclude>
    <ClInclude Include="..\Common\Pera601DemoClientIce.h">
      <Filter>ICE</Filter>
    </ClInclude>
    <ClInclude Include="..\Common\JsonData.h">
      <Filter>json</Filter>
    </ClInclude>
    <ClInclude Include="InvokeClientMethod.h">
      <Filter>头文件</Filter>
    </ClInclude>
    <ClInclude Include="..\..\Common\Tools.h">
      <Filter>common</Filter>
    </ClInclude>
  </ItemGroup>
  <ItemGroup>
    <ClCompile Include="601DemoServer.cpp">
      <Filter>源文件</Filter>
    </ClCompile>
    <ClCompile Include="stdafx.cpp">
      <Filter>源文件</Filter>
    </ClCompile>
    <ClCompile Include="MainFrm.cpp">
      <Filter>源文件</Filter>
    </ClCompile>
    <ClCompile Include="601DemoServerDoc.cpp">
      <Filter>源文件</Filter>
    </ClCompile>
    <ClCompile Include="601DemoServerView.cpp">
      <Filter>源文件</Filter>
    </ClCompile>
    <ClCompile Include="ServerSetDlg.cpp">
      <Filter>源文件</Filter>
    </ClCompile>
    <ClCompile Include="PeraServerIceI.cpp">
      <Filter>源文件</Filter>
    </ClCompile>
    <ClCompile Include="IceService.cpp">
      <Filter>源文件</Filter>
    </ClCompile>
    <ClCompile Include="..\Common\Pera601DemoServerIce.cpp">
      <Filter>ICE</Filter>
    </ClCompile>
    <ClCompile Include="..\Common\Pera601DemoClientIce.cpp">
      <Filter>ICE</Filter>
    </ClCompile>
    <ClCompile Include="..\Common\JsData.cpp">
      <Filter>json</Filter>
    </ClCompile>
    <ClCompile Include="InvokeClientMethod.cpp">
      <Filter>源文件</Filter>
    </ClCompile>
    <ClCompile Include="..\..\Common\Tools.cpp">
      <Filter>common</Filter>
    </ClCompile>
  </ItemGroup>
  <ItemGroup>
    <ResourceCompile Include="601DemoServer.rc">
      <Filter>资源文件</Filter>
    </ResourceCompile>
  </ItemGroup>
</Project>