<?xml version="1.0" encoding="utf-8"?>
<Project ToolsVersion="4.0" xmlns="http://schemas.microsoft.com/developer/msbuild/2003">
  <ItemGroup>
    <Filter Include="源文件">
      <UniqueIdentifier>{4FC737F1-C7A5-4376-A066-2A32D752A2FF}</UniqueIdentifier>
      <Extensions>cpp;c;cc;cxx;def;odl;idl;hpj;bat;asm;asmx</Extensions>
    </Filter>
    <Filter Include="头文件">
      <UniqueIdentifier>{93995380-89BD-4b04-88EB-625FBE52EBFB}</UniqueIdentifier>
      <Extensions>h;hpp;hxx;hm;inl;inc;xsd</Extensions>
    </Filter>
    <Filter Include="资源文件">
      <UniqueIdentifier>{67DA6AB6-F800-4c08-8B7A-83BB121AAD01}</UniqueIdentifier>
      <Extensions>rc;ico;cur;bmp;dlg;rc2;rct;bin;rgs;gif;jpg;jpeg;jpe;resx;tiff;tif;png;wav;mfcribbon-ms</Extensions>
    </Filter>
    <Filter Include="__Ice">
      <UniqueIdentifier>{991f5dad-be21-4b2b-9c4e-90010ca36413}</UniqueIdentifier>
    </Filter>
    <Filter Include="__Global">
      <UniqueIdentifier>{24f59924-cdb1-4f55-90fe-18f77608ec5b}</UniqueIdentifier>
    </Filter>
    <Filter Include="__Common">
      <UniqueIdentifier>{c08c2ad0-d503-4df5-bcf8-282fcd3b1a83}</UniqueIdentifier>
    </Filter>
    <Filter Include="__Xpdl">
      <UniqueIdentifier>{96ba7fbd-6cf0-4802-8a36-6a30e380a711}</UniqueIdentifier>
    </Filter>
  </ItemGroup>
  <ItemGroup>
    <None Include="ReadMe.txt" />
    <None Include="res\ICEClientDemo.rc2">
      <Filter>资源文件</Filter>
    </None>
    <None Include="res\ICEClientDemo.ico">
      <Filter>资源文件</Filter>
    </None>
    <None Include="..\..\Import\PeraWsRunnerCacheServerIce.ice">
      <Filter>__Ice</Filter>
    </None>
  </ItemGroup>
  <ItemGroup>
    <ClInclude Include="ICEClientDemo.h">
      <Filter>头文件</Filter>
    </ClInclude>
    <ClInclude Include="ICEClientDemoDlg.h">
      <Filter>头文件</Filter>
    </ClInclude>
    <ClInclude Include="stdafx.h">
      <Filter>头文件</Filter>
    </ClInclude>
    <ClInclude Include="targetver.h">
      <Filter>头文件</Filter>
    </ClInclude>
    <ClInclude Include="Resource.h">
      <Filter>头文件</Filter>
    </ClInclude>
    <ClInclude Include="PeraWsAstIceClient_I.h">
      <Filter>__Ice</Filter>
    </ClInclude>
    <ClInclude Include="..\Global\InterfaceData.h">
      <Filter>__Global</Filter>
    </ClInclude>
    <ClInclude Include="DlgProgress.h">
      <Filter>头文件</Filter>
    </ClInclude>
    <ClInclude Include="GDIPlusInit.h">
      <Filter>头文件</Filter>
    </ClInclude>
    <ClInclude Include="..\..\Common\FileFunc.h">
      <Filter>__Common</Filter>
    </ClInclude>
    <ClInclude Include="..\..\Common\Tools.h">
      <Filter>__Common</Filter>
    </ClInclude>
    <ClInclude Include="..\..\Common\PtrVectorHeader.h">
      <Filter>__Common</Filter>
    </ClInclude>
    <ClInclude Include="..\..\Common\ConvertData.h">
      <Filter>__Common</Filter>
    </ClInclude>
    <ClInclude Include="..\..\Common\IceHeader.h">
      <Filter>__Common</Filter>
    </ClInclude>
    <ClInclude Include="..\..\Import\PeraWsRunnerCacheServerIce.h">
      <Filter>__Ice</Filter>
    </ClInclude>
    <ClInclude Include="..\..\Common\Xpdl\FileOperate.h">
      <Filter>__Xpdl</Filter>
    </ClInclude>
    <ClInclude Include="..\..\Common\Xpdl\Xpdl.h">
      <Filter>__Xpdl</Filter>
    </ClInclude>
    <ClInclude Include="..\..\Common\Xpdl\XpdlNode.h">
      <Filter>__Xpdl</Filter>
    </ClInclude>
    <ClInclude Include="..\..\Common\Xpdl\XpdlNodeComponent.h">
      <Filter>__Xpdl</Filter>
    </ClInclude>
    <ClInclude Include="..\..\Common\Xpdl\XpdlNodeIf.h">
      <Filter>__Xpdl</Filter>
    </ClInclude>
    <ClInclude Include="..\..\Common\Xpdl\XpdlNodeParallel.h">
      <Filter>__Xpdl</Filter>
    </ClInclude>
    <ClInclude Include="..\..\Common\Xpdl\XpdlNodeParam.h">
      <Filter>__Xpdl</Filter>
    </ClInclude>
    <ClInclude Include="..\..\Common\Xpdl\XpdlNodePrimary.h">
      <Filter>__Xpdl</Filter>
    </ClInclude>
    <ClInclude Include="..\..\Common\Xpdl\XpdlNodeSequence.h">
      <Filter>__Xpdl</Filter>
    </ClInclude>
    <ClInclude Include="..\..\Common\Xpdl\XpdlNodeSubflow.h">
      <Filter>__Xpdl</Filter>
    </ClInclude>
  </ItemGroup>
  <ItemGroup>
    <ClCompile Include="ICEClientDemo.cpp">
      <Filter>源文件</Filter>
    </ClCompile>
    <ClCompile Include="ICEClientDemoDlg.cpp">
      <Filter>源文件</Filter>
    </ClCompile>
    <ClCompile Include="stdafx.cpp">
      <Filter>源文件</Filter>
    </ClCompile>
    <ClCompile Include="PeraWsAstIceClient_I.cpp">
      <Filter>__Ice</Filter>
    </ClCompile>
    <ClCompile Include="..\Global\InterfaceData.cpp">
      <Filter>__Global</Filter>
    </ClCompile>
    <ClCompile Include="DlgProgress.cpp">
      <Filter>源文件</Filter>
    </ClCompile>
    <ClCompile Include="GDIPlusInit.cpp">
      <Filter>源文件</Filter>
    </ClCompile>
    <ClCompile Include="..\..\Common\FileFunc.cpp">
      <Filter>__Common</Filter>
    </ClCompile>
    <ClCompile Include="..\..\Common\Tools.cpp">
      <Filter>__Common</Filter>
    </ClCompile>
    <ClCompile Include="..\..\Common\ConvertData.cpp">
      <Filter>__Common</Filter>
    </ClCompile>
    <ClCompile Include="..\..\Import\PeraWsRunnerCacheServerIce.cpp">
      <Filter>__Ice</Filter>
    </ClCompile>
    <ClCompile Include="..\..\Common\Xpdl\FileOperate.cpp">
      <Filter>__Xpdl</Filter>
    </ClCompile>
    <ClCompile Include="..\..\Common\Xpdl\Xpdl.cpp">
      <Filter>__Xpdl</Filter>
    </ClCompile>
    <ClCompile Include="..\..\Common\Xpdl\XpdlNode.cpp">
      <Filter>__Xpdl</Filter>
    </ClCompile>
    <ClCompile Include="..\..\Common\Xpdl\XpdlNodeComponent.cpp">
      <Filter>__Xpdl</Filter>
    </ClCompile>
    <ClCompile Include="..\..\Common\Xpdl\XpdlNodeIf.cpp">
      <Filter>__Xpdl</Filter>
    </ClCompile>
    <ClCompile Include="..\..\Common\Xpdl\XpdlNodeParallel.cpp">
      <Filter>__Xpdl</Filter>
    </ClCompile>
    <ClCompile Include="..\..\Common\Xpdl\XpdlNodeParam.cpp">
      <Filter>__Xpdl</Filter>
    </ClCompile>
    <ClCompile Include="..\..\Common\Xpdl\XpdlNodePrimary.cpp">
      <Filter>__Xpdl</Filter>
    </ClCompile>
    <ClCompile Include="..\..\Common\Xpdl\XpdlNodeSequence.cpp">
      <Filter>__Xpdl</Filter>
    </ClCompile>
    <ClCompile Include="..\..\Common\Xpdl\XpdlNodeSubflow.cpp">
      <Filter>__Xpdl</Filter>
    </ClCompile>
  </ItemGroup>
  <ItemGroup>
    <ResourceCompile Include="ICEClientDemo.rc">
      <Filter>资源文件</Filter>
    </ResourceCompile>
  </ItemGroup>
</Project>