<?xml version="1.0" encoding="utf-8"?>
<Project ToolsVersion="4.0" xmlns="http://schemas.microsoft.com/developer/msbuild/2003">
  <ItemGroup>
    <Filter Include="源文件">
      <UniqueIdentifier>{4FC737F1-C7A5-4376-A066-2A32D752A2FF}</UniqueIdentifier>
      <Extensions>cpp;c;cc;cxx;def;odl;idl;hpj;bat;asm;asmx</Extensions>
    </Filter>
    <Filter Include="头文件">
      <UniqueIdentifier>{93995380-89BD-4b04-88EB-625FBE52EBFB}</UniqueIdentifier>
      <Extensions>h;hpp;hxx;hm;inl;inc;xsd</Extensions>
    </Filter>
    <Filter Include="资源文件">
      <UniqueIdentifier>{67DA6AB6-F800-4c08-8B7A-83BB121AAD01}</UniqueIdentifier>
      <Extensions>rc;ico;cur;bmp;dlg;rc2;rct;bin;rgs;gif;jpg;jpeg;jpe;resx;tiff;tif;png;wav;mfcribbon-ms</Extensions>
    </Filter>
    <Filter Include="ntserv">
      <UniqueIdentifier>{e8cb4b1f-768e-4c5b-8585-388f16cbf805}</UniqueIdentifier>
    </Filter>
    <Filter Include="_Global">
      <UniqueIdentifier>{a8589d36-9e08-479c-8efb-699f16f59838}</UniqueIdentifier>
    </Filter>
    <Filter Include="文件拷贝">
      <UniqueIdentifier>{2b21d4c9-d801-4080-bf49-45da76d354fb}</UniqueIdentifier>
    </Filter>
    <Filter Include="_Common">
      <UniqueIdentifier>{995f4029-ecd1-4710-abee-9f28b7b585c9}</UniqueIdentifier>
    </Filter>
    <Filter Include="Download">
      <UniqueIdentifier>{2fd92406-643f-432a-8fa3-e79657de20a0}</UniqueIdentifier>
    </Filter>
    <Filter Include="Upload">
      <UniqueIdentifier>{511ae7da-6f40-483e-98c5-e62166f5946f}</UniqueIdentifier>
    </Filter>
    <Filter Include="hprose">
      <UniqueIdentifier>{cda3431e-fc41-4cfb-9ce5-bb6a22ed00ec}</UniqueIdentifier>
    </Filter>
    <Filter Include="hprose\include">
      <UniqueIdentifier>{a571e6c8-d7c8-49f0-848b-fe3848674646}</UniqueIdentifier>
    </Filter>
    <Filter Include="hprose\src">
      <UniqueIdentifier>{8e72122c-31da-4520-8870-da2f2eeec174}</UniqueIdentifier>
    </Filter>
    <Filter Include="_Import">
      <UniqueIdentifier>{b8162223-7178-454d-8b5e-6ffbb148771a}</UniqueIdentifier>
    </Filter>
    <Filter Include="获取图标">
      <UniqueIdentifier>{8ac2686b-a8f9-440d-a09a-acfb18405ef2}</UniqueIdentifier>
    </Filter>
  </ItemGroup>
  <ItemGroup>
    <None Include="ReadMe.txt" />
    <None Include="res\PeraDCNetDiskDaemon.ico">
      <Filter>资源文件</Filter>
    </None>
    <None Include="res\PeraDCNetDiskDaemon.rc2">
      <Filter>资源文件</Filter>
    </None>
  </ItemGroup>
  <ItemGroup>
    <ClInclude Include="stdafx.h">
      <Filter>头文件</Filter>
    </ClInclude>
    <ClInclude Include="targetver.h">
      <Filter>头文件</Filter>
    </ClInclude>
    <ClInclude Include="Resource.h">
      <Filter>头文件</Filter>
    </ClInclude>
    <ClInclude Include="ntservServiceControlManager.h">
      <Filter>ntserv</Filter>
    </ClInclude>
    <ClInclude Include="ntserv.h">
      <Filter>ntserv</Filter>
    </ClInclude>
    <ClInclude Include="ntserv_msg.h">
      <Filter>ntserv</Filter>
    </ClInclude>
    <ClInclude Include="ntservCmdLineInfo.h">
      <Filter>ntserv</Filter>
    </ClInclude>
    <ClInclude Include="ntservEventLog.h">
      <Filter>ntserv</Filter>
    </ClInclude>
    <ClInclude Include="ntservEventLogRecord.h">
      <Filter>ntserv</Filter>
    </ClInclude>
    <ClInclude Include="ntservEventLogSource.h">
      <Filter>ntserv</Filter>
    </ClInclude>
    <ClInclude Include="ntservScmService.h">
      <Filter>ntserv</Filter>
    </ClInclude>
    <ClInclude Include="IceService.h">
      <Filter>头文件</Filter>
    </ClInclude>
    <ClInclude Include="CrashHandler.h">
      <Filter>头文件</Filter>
    </ClInclude>
    <ClInclude Include="PeraDCNetDiskDaemonDlg.h">
      <Filter>头文件</Filter>
    </ClInclude>
    <ClInclude Include="PeraDCNetDiskDaemon.h">
      <Filter>头文件</Filter>
    </ClInclude>
    <ClInclude Include="PeraNetDiskIceI.h">
      <Filter>头文件</Filter>
    </ClInclude>
    <ClInclude Include="..\Common\FilePro.h">
      <Filter>头文件</Filter>
    </ClInclude>
    <ClInclude Include="..\..\Common\Tools.h">
      <Filter>头文件</Filter>
    </ClInclude>
    <ClInclude Include="..\Global\InterfaceData.h">
      <Filter>_Global</Filter>
    </ClInclude>
    <ClInclude Include="..\Global\UserDefine.h">
      <Filter>_Global</Filter>
    </ClInclude>
    <ClInclude Include="..\Common\FileCopy.h">
      <Filter>文件拷贝</Filter>
    </ClInclude>
    <ClInclude Include="..\..\Common\FileFunc.h">
      <Filter>_Common</Filter>
    </ClInclude>
    <ClInclude Include="..\..\Common\UtilityFunc.h">
      <Filter>_Common</Filter>
    </ClInclude>
    <ClInclude Include="..\Global\CurlInclude.h">
      <Filter>_Global</Filter>
    </ClInclude>
    <ClInclude Include="HttpDownloadMgr.h">
      <Filter>Download</Filter>
    </ClInclude>
    <ClInclude Include="HttpDownloadThread.h">
      <Filter>Download</Filter>
    </ClInclude>
    <ClInclude Include="HttpDownloadThreadData.h">
      <Filter>Download</Filter>
    </ClInclude>
    <ClInclude Include="PeraHttpDownloadMgr.h">
      <Filter>Download</Filter>
    </ClInclude>
    <ClInclude Include="..\..\Common\ConfigFunc.h">
      <Filter>_Common</Filter>
    </ClInclude>
    <ClInclude Include="..\hprose\hprose\common.hpp">
      <Filter>hprose\include</Filter>
    </ClInclude>
    <ClInclude Include="..\hprose\hprose\config.hpp">
      <Filter>hprose\include</Filter>
    </ClInclude>
    <ClInclude Include="..\hprose\hprose\httpclient.hpp">
      <Filter>hprose\include</Filter>
    </ClInclude>
    <ClInclude Include="..\hprose\hprose\io.hpp">
      <Filter>hprose\include</Filter>
    </ClInclude>
    <ClInclude Include="..\hprose\hprose\version.hpp">
      <Filter>hprose\include</Filter>
    </ClInclude>
    <ClInclude Include="..\hprose\hprose\io\classes.hpp">
      <Filter>hprose\include</Filter>
    </ClInclude>
    <ClInclude Include="..\hprose\hprose\io\formatter.hpp">
      <Filter>hprose\include</Filter>
    </ClInclude>
    <ClInclude Include="..\hprose\hprose\io\reader.hpp">
      <Filter>hprose\include</Filter>
    </ClInclude>
    <ClInclude Include="..\hprose\hprose\io\tags.hpp">
      <Filter>hprose\include</Filter>
    </ClInclude>
    <ClInclude Include="..\hprose\hprose\io\types.hpp">
      <Filter>hprose\include</Filter>
    </ClInclude>
    <ClInclude Include="..\hprose\hprose\io\writer.hpp">
      <Filter>hprose\include</Filter>
    </ClInclude>
    <ClInclude Include="..\hprose\hprose\common\algorithm.hpp">
      <Filter>hprose\include</Filter>
    </ClInclude>
    <ClInclude Include="..\hprose\hprose\common\any.hpp">
      <Filter>hprose\include</Filter>
    </ClInclude>
    <ClInclude Include="..\hprose\hprose\common\bigint.hpp">
      <Filter>hprose\include</Filter>
    </ClInclude>
    <ClInclude Include="..\hprose\hprose\common\exception.hpp">
      <Filter>hprose\include</Filter>
    </ClInclude>
    <ClInclude Include="..\hprose\hprose\common\time.hpp">
      <Filter>hprose\include</Filter>
    </ClInclude>
    <ClInclude Include="..\hprose\hprose\common\utf8.hpp">
      <Filter>hprose\include</Filter>
    </ClInclude>
    <ClInclude Include="..\hprose\hprose\client\client.hpp">
      <Filter>hprose\include</Filter>
    </ClInclude>
    <ClInclude Include="..\hprose\hprose\client\cookie.hpp">
      <Filter>hprose\include</Filter>
    </ClInclude>
    <ClInclude Include="..\hprose\hprose\client\asio\httpclient.hpp">
      <Filter>hprose\include</Filter>
    </ClInclude>
    <ClInclude Include="CallHprose.h">
      <Filter>Upload</Filter>
    </ClInclude>
    <ClInclude Include="DataFileObject.h">
      <Filter>Upload</Filter>
    </ClInclude>
    <ClInclude Include="UploadManager.h">
      <Filter>Upload</Filter>
    </ClInclude>
    <ClInclude Include="..\Common\CommonMethod.h">
      <Filter>_Global</Filter>
    </ClInclude>
    <ClInclude Include="PeraDownloadThread.h">
      <Filter>Download</Filter>
    </ClInclude>
    <ClInclude Include="TaskXml.h">
      <Filter>头文件</Filter>
    </ClInclude>
    <ClInclude Include="TaskDB.h">
      <Filter>头文件</Filter>
    </ClInclude>
    <ClInclude Include="CopyManager.h">
      <Filter>文件拷贝</Filter>
    </ClInclude>
    <ClInclude Include="PeraCopyManager.h">
      <Filter>文件拷贝</Filter>
    </ClInclude>
    <ClInclude Include="PeraUploadManager.h">
      <Filter>Upload</Filter>
    </ClInclude>
    <ClInclude Include="PeraNetDiskSetting.h">
      <Filter>_Global</Filter>
    </ClInclude>
    <ClInclude Include="..\..\Import\PeraNetDiskIce.h">
      <Filter>_Import</Filter>
    </ClInclude>
    <ClInclude Include="PeraOpenFile.h">
      <Filter>头文件</Filter>
    </ClInclude>
    <ClInclude Include="CPeraDataPersist.h">
      <Filter>Download</Filter>
    </ClInclude>
    <ClInclude Include="..\..\Common\PtrVectorHeader.h">
      <Filter>_Common</Filter>
    </ClInclude>
    <ClInclude Include="ClassExtract.h">
      <Filter>获取图标</Filter>
    </ClInclude>
    <ClInclude Include="icon.h">
      <Filter>获取图标</Filter>
    </ClInclude>
    <ClInclude Include="..\..\Common\DownUploadCommonFunc.h">
      <Filter>Upload</Filter>
    </ClInclude>
    <ClInclude Include="..\..\Common\ConvertData.h">
      <Filter>_Common</Filter>
    </ClInclude>
    <ClInclude Include="..\..\Common\IniClass.h">
      <Filter>_Common</Filter>
    </ClInclude>
    <ClInclude Include="..\..\Common\IceHeader.h">
      <Filter>_Common</Filter>
    </ClInclude>
    <ClInclude Include="..\Common\PeraFileSelectDlg.h">
      <Filter>源文件</Filter>
    </ClInclude>
  </ItemGroup>
  <ItemGroup>
    <ClCompile Include="stdafx.cpp">
      <Filter>源文件</Filter>
    </ClCompile>
    <ClCompile Include="ntserv.cpp">
      <Filter>ntserv</Filter>
    </ClCompile>
    <ClCompile Include="ntservCmdLineInfo.cpp">
      <Filter>ntserv</Filter>
    </ClCompile>
    <ClCompile Include="ntservEventLog.cpp">
      <Filter>ntserv</Filter>
    </ClCompile>
    <ClCompile Include="ntservEventLogRecord.cpp">
      <Filter>ntserv</Filter>
    </ClCompile>
    <ClCompile Include="ntservEventLogSource.cpp">
      <Filter>ntserv</Filter>
    </ClCompile>
    <ClCompile Include="ntservScmService.cpp">
      <Filter>ntserv</Filter>
    </ClCompile>
    <ClCompile Include="ntservServiceControlManager.cpp">
      <Filter>ntserv</Filter>
    </ClCompile>
    <ClCompile Include="IceService.cpp">
      <Filter>源文件</Filter>
    </ClCompile>
    <ClCompile Include="CrashHandler.cpp">
      <Filter>源文件</Filter>
    </ClCompile>
    <ClCompile Include="PeraDCNetDiskDaemon.cpp">
      <Filter>源文件</Filter>
    </ClCompile>
    <ClCompile Include="PeraDCNetDiskDaemonDlg.cpp">
      <Filter>源文件</Filter>
    </ClCompile>
    <ClCompile Include="PeraNetDiskIceI.cpp">
      <Filter>源文件</Filter>
    </ClCompile>
    <ClCompile Include="..\Common\FilePro.cpp">
      <Filter>源文件</Filter>
    </ClCompile>
    <ClCompile Include="..\Common\FileTypePro.cpp">
      <Filter>源文件</Filter>
    </ClCompile>
    <ClCompile Include="LocalMethod.cpp">
      <Filter>源文件</Filter>
    </ClCompile>
    <ClCompile Include="PeraNetDiskSetting.cpp">
      <Filter>源文件</Filter>
    </ClCompile>
    <ClCompile Include="..\..\Common\Tools.cpp">
      <Filter>源文件</Filter>
    </ClCompile>
    <ClCompile Include="..\Global\InterfaceData.cpp">
      <Filter>_Global</Filter>
    </ClCompile>
    <ClCompile Include="..\Global\UserDefine.cpp">
      <Filter>_Global</Filter>
    </ClCompile>
    <ClCompile Include="..\Common\FileCopy.cpp">
      <Filter>文件拷贝</Filter>
    </ClCompile>
    <ClCompile Include="..\..\Common\FileFunc.cpp">
      <Filter>_Common</Filter>
    </ClCompile>
    <ClCompile Include="..\..\Common\UtilityFunc.cpp">
      <Filter>_Common</Filter>
    </ClCompile>
    <ClCompile Include="..\Global\CurlInclude.cpp">
      <Filter>_Global</Filter>
    </ClCompile>
    <ClCompile Include="HttpDownloadMgr.cpp">
      <Filter>Download</Filter>
    </ClCompile>
    <ClCompile Include="HttpDownloadThread.cpp">
      <Filter>Download</Filter>
    </ClCompile>
    <ClCompile Include="HttpDownloadThreadData.cpp">
      <Filter>Download</Filter>
    </ClCompile>
    <ClCompile Include="PeraHttpDownloadMgr.cpp">
      <Filter>Download</Filter>
    </ClCompile>
    <ClCompile Include="..\..\Common\ConfigFunc.cpp">
      <Filter>_Common</Filter>
    </ClCompile>
    <ClCompile Include="..\hprose\src\client\asio\httpclient.cpp">
      <Filter>hprose\src</Filter>
    </ClCompile>
    <ClCompile Include="..\hprose\src\client\cookie.cpp">
      <Filter>hprose\src</Filter>
    </ClCompile>
    <ClCompile Include="..\hprose\src\io\classes.cpp">
      <Filter>hprose\src</Filter>
    </ClCompile>
    <ClCompile Include="CallHprose.cpp">
      <Filter>Upload</Filter>
    </ClCompile>
    <ClCompile Include="DataFileObject.cpp">
      <Filter>Upload</Filter>
    </ClCompile>
    <ClCompile Include="UploadManager.cpp">
      <Filter>Upload</Filter>
    </ClCompile>
    <ClCompile Include="..\Common\CommonMethod.cpp">
      <Filter>_Global</Filter>
    </ClCompile>
    <ClCompile Include="PeraDownloadThread.cpp">
      <Filter>Download</Filter>
    </ClCompile>
    <ClCompile Include="TaskXml.cpp">
      <Filter>源文件</Filter>
    </ClCompile>
    <ClCompile Include="TaskDB.cpp">
      <Filter>源文件</Filter>
    </ClCompile>
    <ClCompile Include="CopyManager.cpp">
      <Filter>文件拷贝</Filter>
    </ClCompile>
    <ClCompile Include="PeraCopyManager.cpp">
      <Filter>文件拷贝</Filter>
    </ClCompile>
    <ClCompile Include="PeraUploadManager.cpp">
      <Filter>Upload</Filter>
    </ClCompile>
    <ClCompile Include="..\..\Import\PeraNetDiskIce.cpp">
      <Filter>_Import</Filter>
    </ClCompile>
    <ClCompile Include="PeraOpenFile.cpp">
      <Filter>源文件</Filter>
    </ClCompile>
    <ClCompile Include="CPeraDataPersist.cpp">
      <Filter>Download</Filter>
    </ClCompile>
    <ClCompile Include="SavePngFile.cpp">
      <Filter>获取图标</Filter>
    </ClCompile>
    <ClCompile Include="SaveIconFile.cpp">
      <Filter>获取图标</Filter>
    </ClCompile>
    <ClCompile Include="GetTypeIcon.cpp">
      <Filter>获取图标</Filter>
    </ClCompile>
    <ClCompile Include="ClassExtract.cpp">
      <Filter>获取图标</Filter>
    </ClCompile>
    <ClCompile Include="..\..\Common\DownUploadCommonFunc.cpp">
      <Filter>Upload</Filter>
    </ClCompile>
    <ClCompile Include="..\..\Common\ConvertData.cpp">
      <Filter>_Common</Filter>
    </ClCompile>
    <ClCompile Include="..\..\Common\IniClass.cpp">
      <Filter>_Common</Filter>
    </ClCompile>
    <ClCompile Include="..\Common\PeraFileSelectDlg.cpp">
      <Filter>源文件</Filter>
    </ClCompile>
    <ClCompile Include="FileAssociate.cpp">
      <Filter>源文件</Filter>
    </ClCompile>
  </ItemGroup>
  <ItemGroup>
    <ResourceCompile Include="PeraDCNetDiskDaemon.rc">
      <Filter>资源文件</Filter>
    </ResourceCompile>
  </ItemGroup>
  <ItemGroup>
    <CustomBuild Include="ntserv_msg.mc">
      <Filter>资源文件</Filter>
    </CustomBuild>
  </ItemGroup>
</Project>