<?xml version="1.0" encoding="utf-8"?>
<Project ToolsVersion="4.0" xmlns="http://schemas.microsoft.com/developer/msbuild/2003">
  <ItemGroup>
    <Filter Include="源文件">
      <UniqueIdentifier>{4FC737F1-C7A5-4376-A066-2A32D752A2FF}</UniqueIdentifier>
      <Extensions>cpp;c;cc;cxx;def;odl;idl;hpj;bat;asm;asmx</Extensions>
    </Filter>
    <Filter Include="头文件">
      <UniqueIdentifier>{93995380-89BD-4b04-88EB-625FBE52EBFB}</UniqueIdentifier>
      <Extensions>h;hpp;hxx;hm;inl;inc;xsd</Extensions>
    </Filter>
    <Filter Include="资源文件">
      <UniqueIdentifier>{67DA6AB6-F800-4c08-8B7A-83BB121AAD01}</UniqueIdentifier>
      <Extensions>rc;ico;cur;bmp;dlg;rc2;rct;bin;rgs;gif;jpg;jpeg;jpe;resx;tiff;tif;png;wav;mfcribbon-ms</Extensions>
    </Filter>
    <Filter Include="生成的文件">
      <UniqueIdentifier>{4a63b63c-7fcb-45bd-a2e4-deeee44bd72a}</UniqueIdentifier>
      <SourceControlFiles>False</SourceControlFiles>
    </Filter>
    <Filter Include="_Import">
      <UniqueIdentifier>{96cb8286-99f6-4929-8e52-0a20b386dd23}</UniqueIdentifier>
    </Filter>
    <Filter Include="_Common">
      <UniqueIdentifier>{ad62e0d9-7cca-4480-83bf-e134d9cbb35a}</UniqueIdentifier>
    </Filter>
  </ItemGroup>
  <ItemGroup>
    <ClCompile Include="stdafx.cpp">
      <Filter>源文件</Filter>
    </ClCompile>
    <ClCompile Include="PeraNetDiskCom.cpp">
      <Filter>源文件</Filter>
    </ClCompile>
    <ClCompile Include="dllmain.cpp">
      <Filter>源文件</Filter>
    </ClCompile>
    <ClCompile Include="xdlldata.c">
      <Filter>源文件</Filter>
    </ClCompile>
    <ClCompile Include="PeraNetDiskCom_i.c">
      <Filter>生成的文件</Filter>
    </ClCompile>
    <ClCompile Include="NetDiskCom.cpp">
      <Filter>源文件</Filter>
    </ClCompile>
    <ClCompile Include="..\Common\FilePro.cpp">
      <Filter>源文件</Filter>
    </ClCompile>
    <ClCompile Include="..\..\Common\Tools.cpp">
      <Filter>源文件</Filter>
    </ClCompile>
    <ClCompile Include="..\..\Import\PeraNetDiskIce.cpp">
      <Filter>_Import</Filter>
    </ClCompile>
    <ClCompile Include="..\Common\PeraFileSelectDlg.cpp">
      <Filter>源文件</Filter>
    </ClCompile>
    <ClCompile Include="..\..\Common\PeraIceBase.cpp">
      <Filter>_Import</Filter>
    </ClCompile>
    <ClCompile Include="..\..\Common\PeraIceNetDisk.cpp">
      <Filter>_Import</Filter>
    </ClCompile>
    <ClCompile Include="..\..\Common\FileFunc.cpp">
      <Filter>_Common</Filter>
    </ClCompile>
  </ItemGroup>
  <ItemGroup>
    <ClInclude Include="stdafx.h">
      <Filter>头文件</Filter>
    </ClInclude>
    <ClInclude Include="targetver.h">
      <Filter>头文件</Filter>
    </ClInclude>
    <ClInclude Include="Resource.h">
      <Filter>头文件</Filter>
    </ClInclude>
    <ClInclude Include="dllmain.h">
      <Filter>头文件</Filter>
    </ClInclude>
    <ClInclude Include="xdlldata.h">
      <Filter>头文件</Filter>
    </ClInclude>
    <ClInclude Include="PeraNetDiskCom_i.h">
      <Filter>生成的文件</Filter>
    </ClInclude>
    <ClInclude Include="_INetDiskComEvents_CP.h">
      <Filter>头文件</Filter>
    </ClInclude>
    <ClInclude Include="NetDiskCom.h">
      <Filter>头文件</Filter>
    </ClInclude>
    <ClInclude Include="..\Common\FilePro.h">
      <Filter>头文件</Filter>
    </ClInclude>
    <ClInclude Include="..\..\Common\Tools.h">
      <Filter>头文件</Filter>
    </ClInclude>
    <ClInclude Include="..\..\Import\PeraNetDiskIce.h">
      <Filter>_Import</Filter>
    </ClInclude>
    <ClInclude Include="..\Common\PeraFileSelectDlg.h">
      <Filter>源文件</Filter>
    </ClInclude>
    <ClInclude Include="..\..\Common\IceHeader.h">
      <Filter>_Import</Filter>
    </ClInclude>
    <ClInclude Include="..\..\Common\PeraIceBase.h">
      <Filter>_Import</Filter>
    </ClInclude>
    <ClInclude Include="..\..\Common\PeraIceNetDisk.h">
      <Filter>_Import</Filter>
    </ClInclude>
    <ClInclude Include="..\..\Common\FileFunc.h">
      <Filter>_Common</Filter>
    </ClInclude>
  </ItemGroup>
  <ItemGroup>
    <ResourceCompile Include="PeraNetDiskCom.rc">
      <Filter>资源文件</Filter>
    </ResourceCompile>
  </ItemGroup>
  <ItemGroup>
    <None Include="ReadMe.txt" />
    <None Include="PeraNetDiskCom.rgs">
      <Filter>资源文件</Filter>
    </None>
    <None Include="PeraNetDiskCom.def">
      <Filter>源文件</Filter>
    </None>
    <None Include="NetDiskCom.rgs">
      <Filter>资源文件</Filter>
    </None>
  </ItemGroup>
  <ItemGroup>
    <Midl Include="PeraNetDiskCom.idl">
      <Filter>源文件</Filter>
    </Midl>
  </ItemGroup>
</Project>